
Microsoft Visual Studio Solution File, Format Version 12.00
# Visual Studio Version 17
VisualStudioVersion = 17.5.002.0
MinimumVisualStudioVersion = 10.0.40219.1
Project("{9A19103F-16F7-4668-BE54-9A1E7A4F7556}") = "DesafioFundamentos", "DesafioFundamentos.csproj", "{4A412568-4D51-4ADE-AD23-1F5AAE9789AA}"
EndProject
Global
	GlobalSection(SolutionConfigurationPlatforms) = preSolution
		Debug|Any CPU = Debug|Any CPU
		Release|Any CPU = Release|Any CPU
	EndGlobalSection
	GlobalSection(ProjectConfigurationPlatforms) = postSolution
		{4A412568-4D51-4ADE-AD23-1F5AAE9789AA}.Debug|Any CPU.ActiveCfg = Debug|Any CPU
		{4A412568-4D51-4ADE-AD23-1F5AAE9789AA}.Debug|Any CPU.Build.0 = Debug|Any CPU
		{4A412568-4D51-4ADE-AD23-1F5AAE9789AA}.Release|Any CPU.ActiveCfg = Release|Any CPU
		{4A412568-4D51-4ADE-AD23-1F5AAE9789AA}.Release|Any CPU.Build.0 = Release|Any CPU
	EndGlobalSection
	GlobalSection(SolutionProperties) = preSolution
		HideSolutionNode = FALSE
	EndGlobalSection
	GlobalSection(ExtensibilityGlobals) = postSolution
		SolutionGuid = {3E777D3C-1210-456D-9629-679C760CCB93}
	EndGlobalSection
EndGlobal
